dependencies:
- name: strimzi-kafka-operator
  repository: https://strimzi.io/charts/
  version: 1.0.0
- name: opensearch-operator
  repository: https://opensearch-project.github.io/opensearch-k8s-operator/
  version: 3.0.2
- name: loki
  repository: https://grafana.github.io/helm-charts
  version: 6.41.1
- name: kube-prometheus-stack
  repository: https://prometheus-community.github.io/helm-charts
  version: 77.12.0
- name: prometheus-blackbox-exporter
  repository: https://prometheus-community.github.io/helm-charts
  version: 11.3.1
- name: prometheus-pushgateway
  repository: https://prometheus-community.github.io/helm-charts
  version: 3.4.1
digest: sha256:400e6d8503f7271d29b8bc00b6b9fa8921e4c508c1f96afc565733d5c39eee62
generated: "2026-05-18T12:21:43.431108365Z"
